
Microsoft Visual Studio Solution File, Format Version 12.00
# Visual Studio Version 17
VisualStudioVersion = 17.2.32519.379
MinimumVisualStudioVersion = 10.0.40219.1
Project("{FAE04EC0-301F-11D3-BF4B-00C04F79EFBC}") = "ConsoleApp4", "ConsoleApp4\ConsoleApp4.csproj", "{417A3D43-A4A1-4797-97A7-B64AA454AA6A}"
EndProject
Global
	GlobalSection(SolutionConfigurationPlatforms) = preSolution
		Debug|Any CPU = Debug|Any CPU
		Release|Any CPU = Release|Any CPU
	EndGlobalSection
	GlobalSection(ProjectConfigurationPlatforms) = postSolution
		{417A3D43-A4A1-4797-97A7-B64AA454AA6A}.Debug|Any CPU.ActiveCfg = Debug|Any CPU
		{417A3D43-A4A1-4797-97A7-B64AA454AA6A}.Debug|Any CPU.Build.0 = Debug|Any CPU
		{417A3D43-A4A1-4797-97A7-B64AA454AA6A}.Release|Any CPU.ActiveCfg = Release|Any CPU
		{417A3D43-A4A1-4797-97A7-B64AA454AA6A}.Release|Any CPU.Build.0 = Release|Any CPU
	EndGlobalSection
	GlobalSection(SolutionProperties) = preSolution
		HideSolutionNode = FALSE
	EndGlobalSection
	GlobalSection(ExtensibilityGlobals) = postSolution
		SolutionGuid = {828ECF8E-434B-4A67-92BC-CCF48C467421}
	EndGlobalSection
EndGlobal
